{
  "name": "asfib",
  "version": "1.0.0",
  "lockfileVersion": 2,
  "requires": true,
  "packages": {
    "": {
      "name": "asfib",
      "version": "1.0.0",
      "license": "MIT",
      "dependencies": {
        "@assemblyscript/loader": "^0.19.23"
      },
      "devDependencies": {
        "assemblyscript": "^0.19.23"
      }
    },
    "node_modules/@assemblyscript/loader": {
      "version": "0.19.23",
      "license": "Apache-2.0"
    },
    "node_modules/assemblyscript": {
      "version": "0.19.23",
      "dev": true,
      "license": "Apache-2.0",
      "dependencies": {
        "binaryen": "102.0.0-nightly.20211028",
        "long": "^5.2.0",
        "source-map-support": "^0.5.20"
      },
      "bin": {
        "asc": "bin/asc",
        "asinit": "bin/asinit"
      },
      "funding": {
        "type": "opencollective",
        "url": "https://opencollective.com/assemblyscript"
      }
    },
    "node_modules/binaryen": {
      "version": "102.0.0-nightly.20211028",
      "dev": true,
      "license": "Apache-2.0",
      "bin": {
        "wasm-opt": "bin/wasm-opt"
      }
    },
    "node_modules/buffer-from": {
      "version": "1.1.2",
      "dev": true,
      "license": "MIT"
    },
    "node_modules/long": {
      "version": "5.2.0",
      "dev": true,
      "license": "Apache-2.0"
    },
    "node_modules/source-map": {
      "version": "0.6.1",
      "dev": true,
      "license": "BSD-3-Clause",
      "engines": {
        "node": ">=0.10.0"
      }
    },
    "node_modules/source-map-support": {
      "version": "0.5.21",
      "dev": true,
      "license": "MIT",
      "dependencies": {
        "buffer-from": "^1.0.0",
        "source-map": "^0.6.0"
      }
    }
  },
  "dependencies": {
    "@assemblyscript/loader": {
      "version": "0.19.23"
    },
    "assemblyscript": {
      "version": "0.19.23",
      "dev": true,
      "requires": {
        "binaryen": "102.0.0-nightly.20211028",
        "long": "^5.2.0",
        "source-map-support": "^0.5.20"
      }
    },
    "binaryen": {
      "version": "102.0.0-nightly.20211028",
      "dev": true
    },
    "buffer-from": {
      "version": "1.1.2",
      "dev": true
    },
    "long": {
      "version": "5.2.0",
      "dev": true
    },
    "source-map": {
      "version": "0.6.1",
      "dev": true
    },
    "source-map-support": {
      "version": "0.5.21",
      "dev": true,
      "requires": {
        "buffer-from": "^1.0.0",
        "source-map": "^0.6.0"
      }
    }
  }
}
